
Microsoft Visual Studio Solution File, Format Version 12.00
# Visual Studio Version 17
VisualStudioVersion = 17.5.33530.505
MinimumVisualStudioVersion = 10.0.40219.1
Project("{FAE04EC0-301F-11D3-BF4B-00C04F79EFBC}") = "AucklandPollution", "AucklandPollution\AucklandPollution.csproj", "{03F0D4DE-8AC9-4DEB-B4A5-B6E77A36DBE2}"
EndProject
Global
	GlobalSection(SolutionConfigurationPlatforms) = preSolution
		Debug|Any CPU = Debug|Any CPU
		Release|Any CPU = Release|Any CPU
	EndGlobalSection
	GlobalSection(ProjectConfigurationPlatforms) = postSolution
		{03F0D4DE-8AC9-4DEB-B4A5-B6E77A36DBE2}.Debug|Any CPU.ActiveCfg = Debug|Any CPU
		{03F0D4DE-8AC9-4DEB-B4A5-B6E77A36DBE2}.Debug|Any CPU.Build.0 = Debug|Any CPU
		{03F0D4DE-8AC9-4DEB-B4A5-B6E77A36DBE2}.Release|Any CPU.ActiveCfg = Release|Any CPU
		{03F0D4DE-8AC9-4DEB-B4A5-B6E77A36DBE2}.Release|Any CPU.Build.0 = Release|Any CPU
	EndGlobalSection
	GlobalSection(SolutionProperties) = preSolution
		HideSolutionNode = FALSE
	EndGlobalSection
	GlobalSection(ExtensibilityGlobals) = postSolution
		SolutionGuid = {1E114EFC-390C-4F00-B6E2-BE3457E9A0F4}
	EndGlobalSection
EndGlobal
